// !$*UTF8*$!
{
	archiveVersion = 1;
	classes = {
	};
	objectVersion = 51;
	objects = {

/* Begin PBXBuildFile section */
		3A0C1EFA250D2FCF0095C482 /* Array.swift in Sources */ = {isa = PBXBuildFile; fileRef = 3A0C1EF9250D2FCF0095C482 /* Array.swift */; };
		3A0C1EFB250D2FCF0095C482 /* Array.swift in Sources */ = {isa = PBXBuildFile; fileRef = 3A0C1EF9250D2FCF0095C482 /* Array.swift */; };
		3A0C1EFD250D35050095C482 /* ThemesString.swift in Sources */ = {isa = PBXBuildFile; fileRef = 3A0C1EFC250D35050095C482 /* ThemesString.swift */; };
		3A0C1EFF250D35190095C482 /* Orgs.swift in Sources */ = {isa = PBXBuildFile; fileRef = 3A0C1EFE250D35190095C482 /* Orgs.swift */; };
		3A0C1F01250D354D0095C482 /* FileFormationsService.swift in Sources */ = {isa = PBXBuildFile; fileRef = 3A0C1F00250D354D0095C482 /* FileFormationsService.swift */; };
		3A0C1F03250D356B0095C482 /* Formations.swift in Sources */ = {isa = PBXBuildFile; fileRef = 3A0C1F02250D356B0095C482 /* Formations.swift */; };
		3A0C1F05250D35840095C482 /* States.swift in Sources */ = {isa = PBXBuildFile; fileRef = 3A0C1F04250D35840095C482 /* States.swift */; };
		3A0C1F07250D359A0095C482 /* ConstantsFormations.swift in Sources */ = {isa = PBXBuildFile; fileRef = 3A0C1F06250D359A0095C482 /* ConstantsFormations.swift */; };
		3A0C1F09250D35F20095C482 /* ListThemesViewController.swift in Sources */ = {isa = PBXBuildFile; fileRef = 3A0C1F08250D35F20095C482 /* ListThemesViewController.swift */; };
		3A0C1F0B250D36170095C482 /* ListFormationsViewController.swift in Sources */ = {isa = PBXBuildFile; fileRef = 3A0C1F0A250D36170095C482 /* ListFormationsViewController.swift */; };
		3A0C1F0D250D36380095C482 /* DetailsFormationViewController.swift in Sources */ = {isa = PBXBuildFile; fileRef = 3A0C1F0C250D36380095C482 /* DetailsFormationViewController.swift */; };
		3A0C1F0F250D36530095C482 /* WebsiteFormationViewController.swift in Sources */ = {isa = PBXBuildFile; fileRef = 3A0C1F0E250D36530095C482 /* WebsiteFormationViewController.swift */; };
		3A0C1F11250D368B0095C482 /* Formations.storyboard in Resources */ = {isa = PBXBuildFile; fileRef = 3A0C1F10250D368B0095C482 /* Formations.storyboard */; };
		3A1B7A8C24C202B80021FFBC /* WebViewInformationsViewController.swift in Sources */ = {isa = PBXBuildFile; fileRef = 3A1B7A8B24C202B80021FFBC /* WebViewInformationsViewController.swift */; };
		3A1B7A9B24C207530021FFBC /* experiences.xlsx in Resources */ = {isa = PBXBuildFile; fileRef = 3A1B7A9624C207520021FFBC /* experiences.xlsx */; };
		3A1B7A9C24C207530021FFBC /* experiences.xlsx in Resources */ = {isa = PBXBuildFile; fileRef = 3A1B7A9624C207520021FFBC /* experiences.xlsx */; };
		3A1B7A9F24C207530021FFBC /* skills.xlsx in Resources */ = {isa = PBXBuildFile; fileRef = 3A1B7A9824C207520021FFBC /* skills.xlsx */; };
		3A1B7AA024C207530021FFBC /* skills.xlsx in Resources */ = {isa = PBXBuildFile; fileRef = 3A1B7A9824C207520021FFBC /* skills.xlsx */; };
		3A1B7AAF24C2077A0021FFBC /* HDA.pdf in Resources */ = {isa = PBXBuildFile; fileRef = 3A1B7AA524C207780021FFBC /* HDA.pdf */; };
		3A1B7AB024C2077A0021FFBC /* HDA.pdf in Resources */ = {isa = PBXBuildFile; fileRef = 3A1B7AA524C207780021FFBC /* HDA.pdf */; };
		3A1B7AB124C2077A0021FFBC /* Lotus8.pdf in Resources */ = {isa = PBXBuildFile; fileRef = 3A1B7AA624C207780021FFBC /* Lotus8.pdf */; };
		3A1B7AB224C2077A0021FFBC /* Lotus8.pdf in Resources */ = {isa = PBXBuildFile; fileRef = 3A1B7AA624C207780021FFBC /* Lotus8.pdf */; };
		3A1B7AB324C2077A0021FFBC /* W2K8-AD-Depannage.pdf in Resources */ = {isa = PBXBuildFile; fileRef = 3A1B7AA724C207790021FFBC /* W2K8-AD-Depannage.pdf */; };
		3A1B7AB424C2077A0021FFBC /* W2K8-AD-Depannage.pdf in Resources */ = {isa = PBXBuildFile; fileRef = 3A1B7AA724C207790021FFBC /* W2K8-AD-Depannage.pdf */; };
		3A1B7AB524C2077A0021FFBC /* WMware.pdf in Resources */ = {isa = PBXBuildFile; fileRef = 3A1B7AA824C207790021FFBC /* WMware.pdf */; };
		3A1B7AB624C2077A0021FFBC /* WMware.pdf in Resources */ = {isa = PBXBuildFile; fileRef = 3A1B7AA824C207790021FFBC /* WMware.pdf */; };
		3A1B7AB724C2077A0021FFBC /* W2K8-AD-Admin.pdf in Resources */ = {isa = PBXBuildFile; fileRef = 3A1B7AA924C207790021FFBC /* W2K8-AD-Admin.pdf */; };
		3A1B7AB824C2077A0021FFBC /* W2K8-AD-Admin.pdf in Resources */ = {isa = PBXBuildFile; fileRef = 3A1B7AA924C207790021FFBC /* W2K8-AD-Admin.pdf */; };
		3A1B7AB924C2077A0021FFBC /* W2K8-GPO.pdf in Resources */ = {isa = PBXBuildFile; fileRef = 3A1B7AAA24C207790021FFBC /* W2K8-GPO.pdf */; };
		3A1B7ABA24C2077A0021FFBC /* W2K8-GPO.pdf in Resources */ = {isa = PBXBuildFile; fileRef = 3A1B7AAA24C207790021FFBC /* W2K8-GPO.pdf */; };
		3A1B7ABB24C2077A0021FFBC /* Bac.pdf in Resources */ = {isa = PBXBuildFile; fileRef = 3A1B7AAB24C207790021FFBC /* Bac.pdf */; };
		3A1B7ABC24C2077A0021FFBC /* Bac.pdf in Resources */ = {isa = PBXBuildFile; fileRef = 3A1B7AAB24C207790021FFBC /* Bac.pdf */; };
		3A1B7ABD24C2077A0021FFBC /* Windows7.pdf in Resources */ = {isa = PBXBuildFile; fileRef = 3A1B7AAC24C207790021FFBC /* Windows7.pdf */; };
		3A1B7ABE24C2077A0021FFBC /* Windows7.pdf in Resources */ = {isa = PBXBuildFile; fileRef = 3A1B7AAC24C207790021FFBC /* Windows7.pdf */; };
		3A1B7ABF24C2077A0021FFBC /* ITIL.pdf in Resources */ = {isa = PBXBuildFile; fileRef = 3A1B7AAD24C2077A0021FFBC /* ITIL.pdf */; };
		3A1B7AC024C2077A0021FFBC /* ITIL.pdf in Resources */ = {isa = PBXBuildFile; fileRef = 3A1B7AAD24C2077A0021FFBC /* ITIL.pdf */; };
		3A1B7AC124C2077A0021FFBC /* PHP5.pdf in Resources */ = {isa = PBXBuildFile; fileRef = 3A1B7AAE24C2077A0021FFBC /* PHP5.pdf */; };
		3A1B7AC224C2077A0021FFBC /* PHP5.pdf in Resources */ = {isa = PBXBuildFile; fileRef = 3A1B7AAE24C2077A0021FFBC /* PHP5.pdf */; };
		3A1FBE9C250D3872001111A1 /* ListFormationsTableViewCell.swift in Sources */ = {isa = PBXBuildFile; fileRef = 3A1FBE9A250D3872001111A1 /* ListFormationsTableViewCell.swift */; };
		3A1FBE9D250D3872001111A1 /* ListFormationsTableViewCell.xib in Resources */ = {isa = PBXBuildFile; fileRef = 3A1FBE9B250D3872001111A1 /* ListFormationsTableViewCell.xib */; };
		3A1FBEA2250D3AC8001111A1 /* Diplome-OC-DA-iOS.pdf in Resources */ = {isa = PBXBuildFile; fileRef = 3A1FBEA1250D3AC8001111A1 /* Diplome-OC-DA-iOS.pdf */; };
		3A1FBEA3250D3AC8001111A1 /* Diplome-OC-DA-iOS.pdf in Resources */ = {isa = PBXBuildFile; fileRef = 3A1FBEA1250D3AC8001111A1 /* Diplome-OC-DA-iOS.pdf */; };
		3A1FBEAB250D3CA8001111A1 /* studies.xlsx in Resources */ = {isa = PBXBuildFile; fileRef = 3A1FBEAA250D3CA8001111A1 /* studies.xlsx */; };
		3A1FBEAC250D3CA8001111A1 /* studies.xlsx in Resources */ = {isa = PBXBuildFile; fileRef = 3A1FBEAA250D3CA8001111A1 /* studies.xlsx */; };
		3A1FBEAE250D40C0001111A1 /* formations.xlsx in Resources */ = {isa = PBXBuildFile; fileRef = 3A1FBEAD250D40C0001111A1 /* formations.xlsx */; };
		3A1FBEAF250D40C0001111A1 /* formations.xlsx in Resources */ = {isa = PBXBuildFile; fileRef = 3A1FBEAD250D40C0001111A1 /* formations.xlsx */; };
		3A1FBEB1250D4515001111A1 /* Certificat-de-fin-de-formation-creer-des-apps-android-avec-kotlin-le-cours-complet.pdf in Resources */ = {isa = PBXBuildFile; fileRef = 3A1FBEB0250D4515001111A1 /* Certificat-de-fin-de-formation-creer-des-apps-android-avec-kotlin-le-cours-complet.pdf */; };
		3A1FBEB2250D4515001111A1 /* Certificat-de-fin-de-formation-creer-des-apps-android-avec-kotlin-le-cours-complet.pdf in Resources */ = {isa = PBXBuildFile; fileRef = 3A1FBEB0250D4515001111A1 /* Certificat-de-fin-de-formation-creer-des-apps-android-avec-kotlin-le-cours-complet.pdf */; };
		3A28579424C7374E0020D33E /* Jobs.swift in Sources */ = {isa = PBXBuildFile; fileRef = 3A28579324C7374E0020D33E /* Jobs.swift */; };
		3A2982A824BA2C67005DEDFC /* Experiences.swift in Sources */ = {isa = PBXBuildFile; fileRef = 3A2982A724BA2C67005DEDFC /* Experiences.swift */; };
		3A2982BC24BA31BE005DEDFC /* WebsiteStudyViewController.swift in Sources */ = {isa = PBXBuildFile; fileRef = 3A2982BB24BA31BE005DEDFC /* WebsiteStudyViewController.swift */; };
		3A2A531824C04EB0007DA097 /* DetailsStudyViewController.swift in Sources */ = {isa = PBXBuildFile; fileRef = 3A2A531724C04EB0007DA097 /* DetailsStudyViewController.swift */; };
		3A2A531A24C083EC007DA097 /* UIViewController+Alert.swift in Sources */ = {isa = PBXBuildFile; fileRef = 3A2A531924C083EC007DA097 /* UIViewController+Alert.swift */; };
		3A2A531C24C09EC3007DA097 /* OrgStudies.swift in Sources */ = {isa = PBXBuildFile; fileRef = 3A2A531B24C09EC3007DA097 /* OrgStudies.swift */; };
		3A32241624B632CE00949999 /* Skills.storyboard in Resources */ = {isa = PBXBuildFile; fileRef = 3A32241524B632CE00949999 /* Skills.storyboard */; };
		3A32241824B6337000949999 /* Studies.storyboard in Resources */ = {isa = PBXBuildFile; fileRef = 3A32241724B6337000949999 /* Studies.storyboard */; };
		3A32241A24B6365700949999 /* Experiences.storyboard in Resources */ = {isa = PBXBuildFile; fileRef = 3A32241924B6365700949999 /* Experiences.storyboard */; };
		3A32242224B63D4D00949999 /* ListSkillsViewController.swift in Sources */ = {isa = PBXBuildFile; fileRef = 3A32242124B63D4D00949999 /* ListSkillsViewController.swift */; };
		3A32242424B63E0500949999 /* Skills.swift in Sources */ = {isa = PBXBuildFile; fileRef = 3A32242324B63E0500949999 /* Skills.swift */; };
		3A32242A24B6433300949999 /* FileSkillsService.swift in Sources */ = {isa = PBXBuildFile; fileRef = 3A32242924B6433300949999 /* FileSkillsService.swift */; };
		3A41ACCB24B879E8007DBE8C /* UIViewController+CustomUI.swift in Sources */ = {isa = PBXBuildFile; fileRef = 3A41ACCA24B879E8007DBE8C /* UIViewController+CustomUI.swift */; };
		3A41ACCF24B8C7D7007DBE8C /* Informations.storyboard in Resources */ = {isa = PBXBuildFile; fileRef = 3A41ACCE24B8C7D7007DBE8C /* Informations.storyboard */; };
		3A41ACD224B8CADE007DBE8C /* InformationsViewController.swift in Sources */ = {isa = PBXBuildFile; fileRef = 3A41ACD124B8CADE007DBE8C /* InformationsViewController.swift */; };
		3A41ACD724B8E134007DBE8C /* Studies.swift in Sources */ = {isa = PBXBuildFile; fileRef = 3A41ACD624B8E134007DBE8C /* Studies.swift */; };
		3A41ACD924B8E166007DBE8C /* ListStudiesViewController.swift in Sources */ = {isa = PBXBuildFile; fileRef = 3A41ACD824B8E166007DBE8C /* ListStudiesViewController.swift */; };
		3A41ACDC24B8E1CF007DBE8C /* ListStudiesTableViewCell.swift in Sources */ = {isa = PBXBuildFile; fileRef = 3A41ACDA24B8E1CF007DBE8C /* ListStudiesTableViewCell.swift */; };
		3A41ACDD24B8E1CF007DBE8C /* ListStudiesTableViewCell.xib in Resources */ = {isa = PBXBuildFile; fileRef = 3A41ACDB24B8E1CF007DBE8C /* ListStudiesTableViewCell.xib */; };
		3A41ACDF24B8E258007DBE8C /* ConstantsSkills.swift in Sources */ = {isa = PBXBuildFile; fileRef = 3A41ACDE24B8E258007DBE8C /* ConstantsSkills.swift */; };
		3A41ACE724B8E583007DBE8C /* FileStudiesService.swift in Sources */ = {isa = PBXBuildFile; fileRef = 3A41ACE624B8E583007DBE8C /* FileStudiesService.swift */; };
		3A65FABF24C5DACA0003BFDB /* ConstantsExperiences.swift in Sources */ = {isa = PBXBuildFile; fileRef = 3A65FABE24C5DACA0003BFDB /* ConstantsExperiences.swift */; };
		3A65FAC224C5FB090003BFDB /* FileExperiencesService.swift in Sources */ = {isa = PBXBuildFile; fileRef = 3A65FAC124C5FB090003BFDB /* FileExperiencesService.swift */; };
		3A65FAC524C5FB6E0003BFDB /* Companies.swift in Sources */ = {isa = PBXBuildFile; fileRef = 3A65FAC424C5FB6E0003BFDB /* Companies.swift */; };
		3A65FAC624C5FB6E0003BFDB /* Companies.swift in Sources */ = {isa = PBXBuildFile; fileRef = 3A65FAC424C5FB6E0003BFDB /* Companies.swift */; };
		3A65FAC824C6043A0003BFDB /* ListExperiencesViewController.swift in Sources */ = {isa = PBXBuildFile; fileRef = 3A65FAC724C6043A0003BFDB /* ListExperiencesViewController.swift */; };
		3A65FACA24C6050E0003BFDB /* DetailsExperienceViewController.swift in Sources */ = {isa = PBXBuildFile; fileRef = 3A65FAC924C6050E0003BFDB /* DetailsExperienceViewController.swift */; };
		3A65FACC24C605260003BFDB /* WebsiteExperienceViewController.swift in Sources */ = {isa = PBXBuildFile; fileRef = 3A65FACB24C605260003BFDB /* WebsiteExperienceViewController.swift */; };
		3A79970D24A239BF007FD4A2 /* AppDelegate.swift in Sources */ = {isa = PBXBuildFile; fileRef = 3A79970C24A239BF007FD4A2 /* AppDelegate.swift */; };
		3A79970F24A239BF007FD4A2 /* SceneDelegate.swift in Sources */ = {isa = PBXBuildFile; fileRef = 3A79970E24A239BF007FD4A2 /* SceneDelegate.swift */; };
		3A79971424A239BF007FD4A2 /* Main.storyboard in Resources */ = {isa = PBXBuildFile; fileRef = 3A79971224A239BF007FD4A2 /* Main.storyboard */; };
		3A79971624A239C1007FD4A2 /* Assets.xcassets in Resources */ = {isa = PBXBuildFile; fileRef = 3A79971524A239C1007FD4A2 /* Assets.xcassets */; };
		3A79971924A239C1007FD4A2 /* LaunchScreen.storyboard in Resources */ = {isa = PBXBuildFile; fileRef = 3A79971724A239C1007FD4A2 /* LaunchScreen.storyboard */; };
		3A79972424A239C2007FD4A2 /* FormationsAppTests.swift in Sources */ = {isa = PBXBuildFile; fileRef = 3A79972324A239C2007FD4A2 /* FormationsAppTests.swift */; };
		3A79974424A24EB1007FD4A2 /* Constants.swift in Sources */ = {isa = PBXBuildFile; fileRef = 3A79974324A24EB1007FD4A2 /* Constants.swift */; };
		3A884E6E24C499970080B9CD /* UiViewController+WKWebView.swift in Sources */ = {isa = PBXBuildFile; fileRef = 3A884E6D24C499970080B9CD /* UiViewController+WKWebView.swift */; };
		3AC28F4524B760F4000FB429 /* ListSkillsTableViewCell.swift in Sources */ = {isa = PBXBuildFile; fileRef = 3AC28F4324B760F4000FB429 /* ListSkillsTableViewCell.swift */; };
		3AC28F4624B760F4000FB429 /* ListSkillsTableViewCell.xib in Resources */ = {isa = PBXBuildFile; fileRef = 3AC28F4424B760F4000FB429 /* ListSkillsTableViewCell.xib */; };
		3AC28F4824B76D52000FB429 /* DetailsSkillViewController.swift in Sources */ = {isa = PBXBuildFile; fileRef = 3AC28F4724B76D52000FB429 /* DetailsSkillViewController.swift */; };
		3AC28F4A24B775BE000FB429 /* WebsiteSkillViewController.swift in Sources */ = {isa = PBXBuildFile; fileRef = 3AC28F4924B775BE000FB429 /* WebsiteSkillViewController.swift */; };
		3AC2E51A24C8B6CC0048E731 /* Projet3.pdf in Resources */ = {isa = PBXBuildFile; fileRef = 3AC2E50E24C8B6C90048E731 /* Projet3.pdf */; };
		3AC2E51B24C8B6CC0048E731 /* Projet3.pdf in Resources */ = {isa = PBXBuildFile; fileRef = 3AC2E50E24C8B6C90048E731 /* Projet3.pdf */; };
		3AC2E51C24C8B6CC0048E731 /* Projet5.pdf in Resources */ = {isa = PBXBuildFile; fileRef = 3AC2E50F24C8B6C90048E731 /* Projet5.pdf */; };
		3AC2E51D24C8B6CC0048E731 /* Projet5.pdf in Resources */ = {isa = PBXBuildFile; fileRef = 3AC2E50F24C8B6C90048E731 /* Projet5.pdf */; };
		3AC2E51E24C8B6CC0048E731 /* Projet8.pdf in Resources */ = {isa = PBXBuildFile; fileRef = 3AC2E51024C8B6C90048E731 /* Projet8.pdf */; };
		3AC2E51F24C8B6CC0048E731 /* Projet8.pdf in Resources */ = {isa = PBXBuildFile; fileRef = 3AC2E51024C8B6C90048E731 /* Projet8.pdf */; };
		3AC2E52024C8B6CC0048E731 /* Projet9.pdf in Resources */ = {isa = PBXBuildFile; fileRef = 3AC2E51124C8B6CA0048E731 /* Projet9.pdf */; };
		3AC2E52124C8B6CC0048E731 /* Projet9.pdf in Resources */ = {isa = PBXBuildFile; fileRef = 3AC2E51124C8B6CA0048E731 /* Projet9.pdf */; };
		3AC2E52224C8B6CC0048E731 /* Projet11.pdf in Resources */ = {isa = PBXBuildFile; fileRef = 3AC2E51224C8B6CA0048E731 /* Projet11.pdf */; };
		3AC2E52324C8B6CC0048E731 /* Projet11.pdf in Resources */ = {isa = PBXBuildFile; fileRef = 3AC2E51224C8B6CA0048E731 /* Projet11.pdf */; };
		3AC2E52424C8B6CC0048E731 /* Projet7.pdf in Resources */ = {isa = PBXBuildFile; fileRef = 3AC2E51324C8B6CA0048E731 /* Projet7.pdf */; };
		3AC2E52524C8B6CC0048E731 /* Projet7.pdf in Resources */ = {isa = PBXBuildFile; fileRef = 3AC2E51324C8B6CA0048E731 /* Projet7.pdf */; };
		3AC2E52624C8B6CC0048E731 /* Projet10.pdf in Resources */ = {isa = PBXBuildFile; fileRef = 3AC2E51424C8B6CB0048E731 /* Projet10.pdf */; };
		3AC2E52724C8B6CC0048E731 /* Projet10.pdf in Resources */ = {isa = PBXBuildFile; fileRef = 3AC2E51424C8B6CB0048E731 /* Projet10.pdf */; };
		3AC2E52824C8B6CC0048E731 /* Projet4.pdf in Resources */ = {isa = PBXBuildFile; fileRef = 3AC2E51524C8B6CB0048E731 /* Projet4.pdf */; };
		3AC2E52924C8B6CC0048E731 /* Projet4.pdf in Resources */ = {isa = PBXBuildFile; fileRef = 3AC2E51524C8B6CB0048E731 /* Projet4.pdf */; };
		3AC2E52A24C8B6CC0048E731 /* Projet2.pdf in Resources */ = {isa = PBXBuildFile; fileRef = 3AC2E51624C8B6CB0048E731 /* Projet2.pdf */; };
		3AC2E52B24C8B6CC0048E731 /* Projet2.pdf in Resources */ = {isa = PBXBuildFile; fileRef = 3AC2E51624C8B6CB0048E731 /* Projet2.pdf */; };
		3AC2E52C24C8B6CC0048E731 /* Projet1.pdf in Resources */ = {isa = PBXBuildFile; fileRef = 3AC2E51724C8B6CB0048E731 /* Projet1.pdf */; };
		3AC2E52D24C8B6CC0048E731 /* Projet1.pdf in Resources */ = {isa = PBXBuildFile; fileRef = 3AC2E51724C8B6CB0048E731 /* Projet1.pdf */; };
		3AC2E52E24C8B6CC0048E731 /* Projet6.pdf in Resources */ = {isa = PBXBuildFile; fileRef = 3AC2E51824C8B6CC0048E731 /* Projet6.pdf */; };
		3AC2E52F24C8B6CC0048E731 /* Projet6.pdf in Resources */ = {isa = PBXBuildFile; fileRef = 3AC2E51824C8B6CC0048E731 /* Projet6.pdf */; };
		3AC2E53024C8B6CC0048E731 /* Projet12.pdf in Resources */ = {isa = PBXBuildFile; fileRef = 3AC2E51924C8B6CC0048E731 /* Projet12.pdf */; };
		3AC2E53124C8B6CC0048E731 /* Projet12.pdf in Resources */ = {isa = PBXBuildFile; fileRef = 3AC2E51924C8B6CC0048E731 /* Projet12.pdf */; };
		3AD128B524B4BB9300990392 /* Date.swift in Sources */ = {isa = PBXBuildFile; fileRef = 3AD128B424B4BB9300990392 /* Date.swift */; };
		3AD128B924B4E6B400990392 /* String.swift in Sources */ = {isa = PBXBuildFile; fileRef = 3AD128B824B4E6B400990392 /* String.swift */; };
		3AE7A38F24CB3BC100E06CAB /* Themes.swift in Sources */ = {isa = PBXBuildFile; fileRef = 3AE7A38E24CB3BC100E06CAB /* Themes.swift */; };
		3AE99AC72539DDF300471F2B /* README.md in Resources */ = {isa = PBXBuildFile; fileRef = 3AE99AC62539DDF300471F2B /* README.md */; };
		B44F7685F5FBBD7C6B573325 /* Pods_FormationsAppTests.framework in Frameworks */ = {isa = PBXBuildFile; fileRef = 1CB0DD64C06FA6277A47B91A /* Pods_FormationsAppTests.framework */; };
/* End PBXBuildFile section */

/* Begin PBXContainerItemProxy section */
		3A79972024A239C2007FD4A2 /* PBXContainerItemProxy */ = {
			isa = PBXContainerItemProxy;
			containerPortal = 3A79970124A239BF007FD4A2 /* Project object */;
			proxyType = 1;
			remoteGlobalIDString = 3A79970824A239BF007FD4A2;
			remoteInfo = FormationsApp;
		};
/* End PBXContainerItemProxy section */

/* Begin PBXFileReference section */
		03BE9464DAC97ED68344ACC0 /* Pods-FormationsApp.debug.xcconfig */ = {isa = PBXFileReference; includeInIndex = 1; lastKnownFileType = text.xcconfig; name = "Pods-FormationsApp.debug.xcconfig"; path = "Target Support Files/Pods-FormationsApp/Pods-FormationsApp.debug.xcconfig"; sourceTree = "<group>"; };
		1CB0DD64C06FA6277A47B91A /* Pods_FormationsAppTests.framework */ = {isa = PBXFileReference; explicitFileType = wrapper.framework; includeInIndex = 0; path = Pods_FormationsAppTests.framework; sourceTree = BUILT_PRODUCTS_DIR; };
		3A0C1EF9250D2FCF0095C482 /* Array.swift */ = {isa = PBXFileReference; lastKnownFileType = sourcecode.swift; path = Array.swift; sourceTree = "<group>"; };
		3A0C1EFC250D35050095C482 /* ThemesString.swift */ = {isa = PBXFileReference; lastKnownFileType = sourcecode.swift; path = ThemesString.swift; sourceTree = "<group>"; };
		3A0C1EFE250D35190095C482 /* Orgs.swift */ = {isa = PBXFileReference; lastKnownFileType = sourcecode.swift; path = Orgs.swift; sourceTree = "<group>"; };
		3A0C1F00250D354D0095C482 /* FileFormationsService.swift */ = {isa = PBXFileReference; lastKnownFileType = sourcecode.swift; path = FileFormationsService.swift; sourceTree = "<group>"; };
		3A0C1F02250D356B0095C482 /* Formations.swift */ = {isa = PBXFileReference; lastKnownFileType = sourcecode.swift; path = Formations.swift; sourceTree = "<group>"; };
		3A0C1F04250D35840095C482 /* States.swift */ = {isa = PBXFileReference; lastKnownFileType = sourcecode.swift; path = States.swift; sourceTree = "<group>"; };
		3A0C1F06250D359A0095C482 /* ConstantsFormations.swift */ = {isa = PBXFileReference; lastKnownFileType = sourcecode.swift; path = ConstantsFormations.swift; sourceTree = "<group>"; };
		3A0C1F08250D35F20095C482 /* ListThemesViewController.swift */ = {isa = PBXFileReference; lastKnownFileType = sourcecode.swift; path = ListThemesViewController.swift; sourceTree = "<group>"; };
		3A0C1F0A250D36170095C482 /* ListFormationsViewController.swift */ = {isa = PBXFileReference; lastKnownFileType = sourcecode.swift; path = ListFormationsViewController.swift; sourceTree = "<group>"; };
		3A0C1F0C250D36380095C482 /* DetailsFormationViewController.swift */ = {isa = PBXFileReference; lastKnownFileType = sourcecode.swift; path = DetailsFormationViewController.swift; sourceTree = "<group>"; };
		3A0C1F0E250D36530095C482 /* WebsiteFormationViewController.swift */ = {isa = PBXFileReference; lastKnownFileType = sourcecode.swift; path = WebsiteFormationViewController.swift; sourceTree = "<group>"; };
		3A0C1F10250D368B0095C482 /* Formations.storyboard */ = {isa = PBXFileReference; lastKnownFileType = file.storyboard; path = Formations.storyboard; sourceTree = "<group>"; };
		3A1B7A8B24C202B80021FFBC /* WebViewInformationsViewController.swift */ = {isa = PBXFileReference; lastKnownFileType = sourcecode.swift; path = WebViewInformationsViewController.swift; sourceTree = "<group>"; };
		3A1B7A9624C207520021FFBC /* experiences.xlsx */ = {isa = PBXFileReference; lastKnownFileType = file; path = experiences.xlsx; sourceTree = "<group>"; };
		3A1B7A9824C207520021FFBC /* skills.xlsx */ = {isa = PBXFileReference; lastKnownFileType = file; path = skills.xlsx; sourceTree = "<group>"; };
		3A1B7AA524C207780021FFBC /* HDA.pdf */ = {isa = PBXFileReference; lastKnownFileType = image.pdf; path = HDA.pdf; sourceTree = "<group>"; };
		3A1B7AA624C207780021FFBC /* Lotus8.pdf */ = {isa = PBXFileReference; lastKnownFileType = image.pdf; path = Lotus8.pdf; sourceTree = "<group>"; };
		3A1B7AA724C207790021FFBC /* W2K8-AD-Depannage.pdf */ = {isa = PBXFileReference; lastKnownFileType = image.pdf; path = "W2K8-AD-Depannage.pdf"; sourceTree = "<group>"; };
		3A1B7AA824C207790021FFBC /* WMware.pdf */ = {isa = PBXFileReference; lastKnownFileType = image.pdf; path = WMware.pdf; sourceTree = "<group>"; };
		3A1B7AA924C207790021FFBC /* W2K8-AD-Admin.pdf */ = {isa = PBXFileReference; lastKnownFileType = image.pdf; path = "W2K8-AD-Admin.pdf"; sourceTree = "<group>"; };
		3A1B7AAA24C207790021FFBC /* W2K8-GPO.pdf */ = {isa = PBXFileReference; lastKnownFileType = image.pdf; path = "W2K8-GPO.pdf"; sourceTree = "<group>"; };
		3A1B7AAB24C207790021FFBC /* Bac.pdf */ = {isa = PBXFileReference; lastKnownFileType = image.pdf; path = Bac.pdf; sourceTree = "<group>"; };
		3A1B7AAC24C207790021FFBC /* Windows7.pdf */ = {isa = PBXFileReference; lastKnownFileType = image.pdf; path = Windows7.pdf; sourceTree = "<group>"; };
		3A1B7AAD24C2077A0021FFBC /* ITIL.pdf */ = {isa = PBXFileReference; lastKnownFileType = image.pdf; path = ITIL.pdf; sourceTree = "<group>"; };
		3A1B7AAE24C2077A0021FFBC /* PHP5.pdf */ = {isa = PBXFileReference; lastKnownFileType = image.pdf; path = PHP5.pdf; sourceTree = "<group>"; };
		3A1FBE9A250D3872001111A1 /* ListFormationsTableViewCell.swift */ = {isa = PBXFileReference; lastKnownFileType = sourcecode.swift; path = ListFormationsTableViewCell.swift; sourceTree = "<group>"; };
		3A1FBE9B250D3872001111A1 /* ListFormationsTableViewCell.xib */ = {isa = PBXFileReference; lastKnownFileType = file.xib; path = ListFormationsTableViewCell.xib; sourceTree = "<group>"; };
		3A1FBEA1250D3AC8001111A1 /* Diplome-OC-DA-iOS.pdf */ = {isa = PBXFileReference; lastKnownFileType = image.pdf; path = "Diplome-OC-DA-iOS.pdf"; sourceTree = "<group>"; };
		3A1FBEAA250D3CA8001111A1 /* studies.xlsx */ = {isa = PBXFileReference; lastKnownFileType = file; path = studies.xlsx; sourceTree = "<group>"; };
		3A1FBEAD250D40C0001111A1 /* formations.xlsx */ = {isa = PBXFileReference; lastKnownFileType = file; path = formations.xlsx; sourceTree = "<group>"; };
		3A1FBEB0250D4515001111A1 /* Certificat-de-fin-de-formation-creer-des-apps-android-avec-kotlin-le-cours-complet.pdf */ = {isa = PBXFileReference; lastKnownFileType = image.pdf; path = "Certificat-de-fin-de-formation-creer-des-apps-android-avec-kotlin-le-cours-complet.pdf"; sourceTree = "<group>"; };
		3A28579324C7374E0020D33E /* Jobs.swift */ = {isa = PBXFileReference; lastKnownFileType = sourcecode.swift; path = Jobs.swift; sourceTree = "<group>"; };
		3A2982A724BA2C67005DEDFC /* Experiences.swift */ = {isa = PBXFileReference; lastKnownFileType = sourcecode.swift; path = Experiences.swift; sourceTree = "<group>"; };
		3A2982BB24BA31BE005DEDFC /* WebsiteStudyViewController.swift */ = {isa = PBXFileReference; fileEncoding = 4; lastKnownFileType = sourcecode.swift; name = WebsiteStudyViewController.swift; path = FormationsApp/Studies/Controller/WebsiteStudyViewController.swift; sourceTree = SOURCE_ROOT; };
		3A2A531724C04EB0007DA097 /* DetailsStudyViewController.swift */ = {isa = PBXFileReference; lastKnownFileType = sourcecode.swift; name = DetailsStudyViewController.swift; path = FormationsApp/Studies/Controller/DetailsStudyViewController.swift; sourceTree = SOURCE_ROOT; };
		3A2A531924C083EC007DA097 /* UIViewController+Alert.swift */ = {isa = PBXFileReference; lastKnownFileType = sourcecode.swift; path = "UIViewController+Alert.swift"; sourceTree = "<group>"; };
		3A2A531B24C09EC3007DA097 /* OrgStudies.swift */ = {isa = PBXFileReference; lastKnownFileType = sourcecode.swift; path = OrgStudies.swift; sourceTree = "<group>"; };
		3A32241524B632CE00949999 /* Skills.storyboard */ = {isa = PBXFileReference; lastKnownFileType = file.storyboard; path = Skills.storyboard; sourceTree = "<group>"; };
		3A32241724B6337000949999 /* Studies.storyboard */ = {isa = PBXFileReference; lastKnownFileType = file.storyboard; path = Studies.storyboard; sourceTree = "<group>"; };
		3A32241924B6365700949999 /* Experiences.storyboard */ = {isa = PBXFileReference; lastKnownFileType = file.storyboard; path = Experiences.storyboard; sourceTree = "<group>"; };
		3A32242124B63D4D00949999 /* ListSkillsViewController.swift */ = {isa = PBXFileReference; lastKnownFileType = sourcecode.swift; name = ListSkillsViewController.swift; path = FormationsApp/Skills/Controller/ListSkillsViewController.swift; sourceTree = SOURCE_ROOT; };
		3A32242324B63E0500949999 /* Skills.swift */ = {isa = PBXFileReference; lastKnownFileType = sourcecode.swift; path = Skills.swift; sourceTree = "<group>"; };
		3A32242924B6433300949999 /* FileSkillsService.swift */ = {isa = PBXFileReference; lastKnownFileType = sourcecode.swift; path = FileSkillsService.swift; sourceTree = "<group>"; };
		3A41ACCA24B879E8007DBE8C /* UIViewController+CustomUI.swift */ = {isa = PBXFileReference; lastKnownFileType = sourcecode.swift; path = "UIViewController+CustomUI.swift"; sourceTree = "<group>"; };
		3A41ACCE24B8C7D7007DBE8C /* Informations.storyboard */ = {isa = PBXFileReference; lastKnownFileType = file.storyboard; path = Informations.storyboard; sourceTree = "<group>"; };
		3A41ACD124B8CADE007DBE8C /* InformationsViewController.swift */ = {isa = PBXFileReference; lastKnownFileType = sourcecode.swift; path = InformationsViewController.swift; sourceTree = "<group>"; };
		3A41ACD624B8E134007DBE8C /* Studies.swift */ = {isa = PBXFileReference; lastKnownFileType = sourcecode.swift; path = Studies.swift; sourceTree = "<group>"; };
		3A41ACD824B8E166007DBE8C /* ListStudiesViewController.swift */ = {isa = PBXFileReference; lastKnownFileType = sourcecode.swift; path = ListStudiesViewController.swift; sourceTree = "<group>"; };
		3A41ACDA24B8E1CF007DBE8C /* ListStudiesTableViewCell.swift */ = {isa = PBXFileReference; lastKnownFileType = sourcecode.swift; path = ListStudiesTableViewCell.swift; sourceTree = "<group>"; };
		3A41ACDB24B8E1CF007DBE8C /* ListStudiesTableViewCell.xib */ = {isa = PBXFileReference; lastKnownFileType = file.xib; path = ListStudiesTableViewCell.xib; sourceTree = "<group>"; };
		3A41ACDE24B8E258007DBE8C /* ConstantsSkills.swift */ = {isa = PBXFileReference; lastKnownFileType = sourcecode.swift; path = ConstantsSkills.swift; sourceTree = "<group>"; };
		3A41ACE624B8E583007DBE8C /* FileStudiesService.swift */ = {isa = PBXFileReference; lastKnownFileType = sourcecode.swift; path = FileStudiesService.swift; sourceTree = "<group>"; };
		3A4994F72707545400A5C30E /* WebKit.framework */ = {isa = PBXFileReference; lastKnownFileType = wrapper.framework; name = WebKit.framework; path = Platforms/MacOSX.platform/Developer/SDKs/MacOSX11.3.sdk/System/iOSSupport/System/Library/Frameworks/WebKit.framework; sourceTree = DEVELOPER_DIR; };
		3A65FABE24C5DACA0003BFDB /* ConstantsExperiences.swift */ = {isa = PBXFileReference; fileEncoding = 4; lastKnownFileType = sourcecode.swift; name = ConstantsExperiences.swift; path = FormationsApp/Experiences/Model/ConstantsExperiences.swift; sourceTree = SOURCE_ROOT; };
		3A65FAC124C5FB090003BFDB /* FileExperiencesService.swift */ = {isa = PBXFileReference; fileEncoding = 4; lastKnownFileType = sourcecode.swift; name = FileExperiencesService.swift; path = FormationsApp/Experiences/Model/FileExperiencesService.swift; sourceTree = SOURCE_ROOT; };
		3A65FAC424C5FB6E0003BFDB /* Companies.swift */ = {isa = PBXFileReference; lastKnownFileType = sourcecode.swift; path = Companies.swift; sourceTree = "<group>"; };
		3A65FAC724C6043A0003BFDB /* ListExperiencesViewController.swift */ = {isa = PBXFileReference; fileEncoding = 4; lastKnownFileType = sourcecode.swift; name = ListExperiencesViewController.swift; path = FormationsApp/Experiences/Controller/ListExperiencesViewController.swift; sourceTree = SOURCE_ROOT; };
		3A65FAC924C6050E0003BFDB /* DetailsExperienceViewController.swift */ = {isa = PBXFileReference; lastKnownFileType = sourcecode.swift; path = DetailsExperienceViewController.swift; sourceTree = "<group>"; };
		3A65FACB24C605260003BFDB /* WebsiteExperienceViewController.swift */ = {isa = PBXFileReference; lastKnownFileType = sourcecode.swift; path = WebsiteExperienceViewController.swift; sourceTree = "<group>"; };
		3A79970924A239BF007FD4A2 /* FormationsApp.app */ = {isa = PBXFileReference; explicitFileType = wrapper.application; includeInIndex = 0; path = FormationsApp.app; sourceTree = BUILT_PRODUCTS_DIR; };
		3A79970C24A239BF007FD4A2 /* AppDelegate.swift */ = {isa = PBXFileReference; lastKnownFileType = sourcecode.swift; path = AppDelegate.swift; sourceTree = "<group>"; };
		3A79970E24A239BF007FD4A2 /* SceneDelegate.swift */ = {isa = PBXFileReference; lastKnownFileType = sourcecode.swift; path = SceneDelegate.swift; sourceTree = "<group>"; };
		3A79971324A239BF007FD4A2 /* Base */ = {isa = PBXFileReference; lastKnownFileType = file.storyboard; name = Base; path = Base.lproj/Main.storyboard; sourceTree = "<group>"; };
		3A79971524A239C1007FD4A2 /* Assets.xcassets */ = {isa = PBXFileReference; lastKnownFileType = folder.assetcatalog; path = Assets.xcassets; sourceTree = "<group>"; };
		3A79971824A239C1007FD4A2 /* Base */ = {isa = PBXFileReference; lastKnownFileType = file.storyboard; name = Base; path = Base.lproj/LaunchScreen.storyboard; sourceTree = "<group>"; };
		3A79971A24A239C1007FD4A2 /* Info.plist */ = {isa = PBXFileReference; lastKnownFileType = text.plist.xml; path = Info.plist; sourceTree = "<group>"; };
		3A79971F24A239C2007FD4A2 /* FormationsAppTests.xctest */ = {isa = PBXFileReference; explicitFileType = wrapper.cfbundle; includeInIndex = 0; path = FormationsAppTests.xctest; sourceTree = BUILT_PRODUCTS_DIR; };
		3A79972324A239C2007FD4A2 /* FormationsAppTests.swift */ = {isa = PBXFileReference; lastKnownFileType = sourcecode.swift; path = FormationsAppTests.swift; sourceTree = "<group>"; };
		3A79972524A239C2007FD4A2 /* Info.plist */ = {isa = PBXFileReference; lastKnownFileType = text.plist.xml; path = Info.plist; sourceTree = "<group>"; };
		3A79974324A24EB1007FD4A2 /* Constants.swift */ = {isa = PBXFileReference; lastKnownFileType = sourcecode.swift; path = Constants.swift; sourceTree = "<group>"; };
		3A884E6D24C499970080B9CD /* UiViewController+WKWebView.swift */ = {isa = PBXFileReference; lastKnownFileType = sourcecode.swift; path = "UiViewController+WKWebView.swift"; sourceTree = "<group>"; };
		3AC28F4324B760F4000FB429 /* ListSkillsTableViewCell.swift */ = {isa = PBXFileReference; lastKnownFileType = sourcecode.swift; path = ListSkillsTableViewCell.swift; sourceTree = "<group>"; };
		3AC28F4424B760F4000FB429 /* ListSkillsTableViewCell.xib */ = {isa = PBXFileReference; lastKnownFileType = file.xib; path = ListSkillsTableViewCell.xib; sourceTree = "<group>"; };
		3AC28F4724B76D52000FB429 /* DetailsSkillViewController.swift */ = {isa = PBXFileReference; lastKnownFileType = sourcecode.swift; path = DetailsSkillViewController.swift; sourceTree = "<group>"; };
		3AC28F4924B775BE000FB429 /* WebsiteSkillViewController.swift */ = {isa = PBXFileReference; lastKnownFileType = sourcecode.swift; path = WebsiteSkillViewController.swift; sourceTree = "<group>"; };
		3AC2E50E24C8B6C90048E731 /* Projet3.pdf */ = {isa = PBXFileReference; lastKnownFileType = image.pdf; path = Projet3.pdf; sourceTree = "<group>"; };
		3AC2E50F24C8B6C90048E731 /* Projet5.pdf */ = {isa = PBXFileReference; lastKnownFileType = image.pdf; path = Projet5.pdf; sourceTree = "<group>"; };
		3AC2E51024C8B6C90048E731 /* Projet8.pdf */ = {isa = PBXFileReference; lastKnownFileType = image.pdf; path = Projet8.pdf; sourceTree = "<group>"; };
		3AC2E51124C8B6CA0048E731 /* Projet9.pdf */ = {isa = PBXFileReference; lastKnownFileType = image.pdf; path = Projet9.pdf; sourceTree = "<group>"; };
		3AC2E51224C8B6CA0048E731 /* Projet11.pdf */ = {isa = PBXFileReference; lastKnownFileType = image.pdf; path = Projet11.pdf; sourceTree = "<group>"; };
		3AC2E51324C8B6CA0048E731 /* Projet7.pdf */ = {isa = PBXFileReference; lastKnownFileType = image.pdf; path = Projet7.pdf; sourceTree = "<group>"; };
		3AC2E51424C8B6CB0048E731 /* Projet10.pdf */ = {isa = PBXFileReference; lastKnownFileType = image.pdf; path = Projet10.pdf; sourceTree = "<group>"; };
		3AC2E51524C8B6CB0048E731 /* Projet4.pdf */ = {isa = PBXFileReference; lastKnownFileType = image.pdf; path = Projet4.pdf; sourceTree = "<group>"; };
		3AC2E51624C8B6CB0048E731 /* Projet2.pdf */ = {isa = PBXFileReference; lastKnownFileType = image.pdf; path = Projet2.pdf; sourceTree = "<group>"; };
		3AC2E51724C8B6CB0048E731 /* Projet1.pdf */ = {isa = PBXFileReference; lastKnownFileType = image.pdf; path = Projet1.pdf; sourceTree = "<group>"; };
		3AC2E51824C8B6CC0048E731 /* Projet6.pdf */ = {isa = PBXFileReference; lastKnownFileType = image.pdf; path = Projet6.pdf; sourceTree = "<group>"; };
		3AC2E51924C8B6CC0048E731 /* Projet12.pdf */ = {isa = PBXFileReference; lastKnownFileType = image.pdf; path = Projet12.pdf; sourceTree = "<group>"; };
		3AD128B424B4BB9300990392 /* Date.swift */ = {isa = PBXFileReference; lastKnownFileType = sourcecode.swift; path = Date.swift; sourceTree = "<group>"; };
		3AD128B824B4E6B400990392 /* String.swift */ = {isa = PBXFileReference; lastKnownFileType = sourcecode.swift; path = String.swift; sourceTree = "<group>"; };
		3AE7A38E24CB3BC100E06CAB /* Themes.swift */ = {isa = PBXFileReference; lastKnownFileType = sourcecode.swift; path = Themes.swift; sourceTree = "<group>"; };
		3AE99AC62539DDF300471F2B /* README.md */ = {isa = PBXFileReference; fileEncoding = 4; lastKnownFileType = net.daringfireball.markdown; path = README.md; sourceTree = SOURCE_ROOT; };
		3AFB879E5DE34144BAF8C58C /* Pods-FormationsAppTests.debug.xcconfig */ = {isa = PBXFileReference; includeInIndex = 1; lastKnownFileType = text.xcconfig; name = "Pods-FormationsAppTests.debug.xcconfig"; path = "Target Support Files/Pods-FormationsAppTests/Pods-FormationsAppTests.debug.xcconfig"; sourceTree = "<group>"; };
		54866DAF42163BBCB561E923 /* Pods-FormationsAppTests.release.xcconfig */ = {isa = PBXFileReference; includeInIndex = 1; lastKnownFileType = text.xcconfig; name = "Pods-FormationsAppTests.release.xcconfig"; path = "Target Support Files/Pods-FormationsAppTests/Pods-FormationsAppTests.release.xcconfig"; sourceTree = "<group>"; };
		A698CD81CF211AA1AF093195 /* Pods_FormationsApp.framework */ = {isa = PBXFileReference; explicitFileType = wrapper.framework; includeInIndex = 0; path = Pods_FormationsApp.framework; sourceTree = BUILT_PRODUCTS_DIR; };
		ACCC76691F028799E24FE397 /* Pods-FormationsApp.release.xcconfig */ = {isa = PBXFileReference; includeInIndex = 1; lastKnownFileType = text.xcconfig; name = "Pods-FormationsApp.release.xcconfig"; path = "Target Support Files/Pods-FormationsApp/Pods-FormationsApp.release.xcconfig"; sourceTree = "<group>"; };
/* End PBXFileReference section */

/* Begin PBXFrameworksBuildPhase section */
		3A79970624A239BF007FD4A2 /* Frameworks */ = {
			isa = PBXFrameworksBuildPhase;
			buildActionMask = 2147483647;
			files = (
			);
			runOnlyForDeploymentPostprocessing = 0;
		};
		3A79971C24A239C2007FD4A2 /* Frameworks */ = {
			isa = PBXFrameworksBuildPhase;
			buildActionMask = 2147483647;
			files = (
				B44F7685F5FBBD7C6B573325 /* Pods_FormationsAppTests.framework in Frameworks */,
			);
			runOnlyForDeploymentPostprocessing = 0;
		};
/* End PBXFrameworksBuildPhase section */

/* Begin PBXGroup section */
		3A0C1ED1250D2B700095C482 /* Formations */ = {
			isa = PBXGroup;
			children = (
				3A0C1ED4250D2B840095C482 /* Model */,
				3A0C1ED3250D2B7E0095C482 /* Controller */,
				3A0C1ED2250D2B760095C482 /* View */,
			);
			path = Formations;
			sourceTree = "<group>";
		};
		3A0C1ED2250D2B760095C482 /* View */ = {
			isa = PBXGroup;
			children = (
				3A0C1F10250D368B0095C482 /* Formations.storyboard */,
				3A1FBE9A250D3872001111A1 /* ListFormationsTableViewCell.swift */,
				3A1FBE9B250D3872001111A1 /* ListFormationsTableViewCell.xib */,
			);
			path = View;
			sourceTree = "<group>";
		};
		3A0C1ED3250D2B7E0095C482 /* Controller */ = {
			isa = PBXGroup;
			children = (
				3A0C1F08250D35F20095C482 /* ListThemesViewController.swift */,
				3A0C1F0A250D36170095C482 /* ListFormationsViewController.swift */,
				3A0C1F0C250D36380095C482 /* DetailsFormationViewController.swift */,
				3A0C1F0E250D36530095C482 /* WebsiteFormationViewController.swift */,
			);
			path = Controller;
			sourceTree = "<group>";
		};
		3A0C1ED4250D2B840095C482 /* Model */ = {
			isa = PBXGroup;
			children = (
				3A0C1EFC250D35050095C482 /* ThemesString.swift */,
				3A0C1EFE250D35190095C482 /* Orgs.swift */,
				3A0C1F00250D354D0095C482 /* FileFormationsService.swift */,
				3A0C1F02250D356B0095C482 /* Formations.swift */,
				3A0C1F04250D35840095C482 /* States.swift */,
				3A0C1F06250D359A0095C482 /* ConstantsFormations.swift */,
			);
			path = Model;
			sourceTree = "<group>";
		};
		3A0C1EF8250D2E790095C482 /* Helpers */ = {
			isa = PBXGroup;
			children = (
				3A2E2DF324A37DF0008B3F9B /* Extensions */,
			);
			path = Helpers;
			sourceTree = "<group>";
		};
		3A1B7A8D24C2044D0021FFBC /* Controller */ = {
			isa = PBXGroup;
			children = (
				3A41ACD124B8CADE007DBE8C /* InformationsViewController.swift */,
				3A1B7A8B24C202B80021FFBC /* WebViewInformationsViewController.swift */,
			);
			path = Controller;
			sourceTree = "<group>";
		};
		3A1B7A8F24C204580021FFBC /* View */ = {
			isa = PBXGroup;
			children = (
				3A41ACCE24B8C7D7007DBE8C /* Informations.storyboard */,
			);
			path = View;
			sourceTree = "<group>";
		};
		3A1B7A9224C2070B0021FFBC /* Resources */ = {
			isa = PBXGroup;
			children = (
				3A1B7A9524C207350021FFBC /* xls */,
				3A1B7A9424C207300021FFBC /* pdf */,
			);
			path = Resources;
			sourceTree = "<group>";
		};
		3A1B7A9424C207300021FFBC /* pdf */ = {
			isa = PBXGroup;
			children = (
				3AC2E50D24C8B6A90048E731 /* skills */,
				3AC2E50B24C8B6870048E731 /* studies */,
			);
			path = pdf;
			sourceTree = "<group>";
		};
		3A1B7A9524C207350021FFBC /* xls */ = {
			isa = PBXGroup;
			children = (
				3A1FBEAD250D40C0001111A1 /* formations.xlsx */,
				3A1FBEAA250D3CA8001111A1 /* studies.xlsx */,
				3A1B7A9624C207520021FFBC /* experiences.xlsx */,
				3A1B7A9824C207520021FFBC /* skills.xlsx */,
			);
			path = xls;
			sourceTree = "<group>";
		};
		3A2982A424BA2C41005DEDFC /* Model */ = {
			isa = PBXGroup;
			children = (
				3A2982A724BA2C67005DEDFC /* Experiences.swift */,
				3A65FAC124C5FB090003BFDB /* FileExperiencesService.swift */,
				3A65FAC424C5FB6E0003BFDB /* Companies.swift */,
				3A65FABE24C5DACA0003BFDB /* ConstantsExperiences.swift */,
				3A28579324C7374E0020D33E /* Jobs.swift */,
			);
			path = Model;
			sourceTree = "<group>";
		};
		3A2982A524BA2C44005DEDFC /* View */ = {
			isa = PBXGroup;
			children = (
				3A32241924B6365700949999 /* Experiences.storyboard */,
			);
			path = View;
			sourceTree = "<group>";
		};
		3A2982A624BA2C47005DEDFC /* Controller */ = {
			isa = PBXGroup;
			children = (
				3A65FAC724C6043A0003BFDB /* ListExperiencesViewController.swift */,
				3A65FAC924C6050E0003BFDB /* DetailsExperienceViewController.swift */,
				3A65FACB24C605260003BFDB /* WebsiteExperienceViewController.swift */,
			);
			path = Controller;
			sourceTree = "<group>";
		};
		3A2E2DF324A37DF0008B3F9B /* Extensions */ = {
			isa = PBXGroup;
			children = (
				3AD128B424B4BB9300990392 /* Date.swift */,
				3AD128B824B4E6B400990392 /* String.swift */,
				3A41ACCA24B879E8007DBE8C /* UIViewController+CustomUI.swift */,
				3A2A531924C083EC007DA097 /* UIViewController+Alert.swift */,
				3A884E6D24C499970080B9CD /* UiViewController+WKWebView.swift */,
				3A0C1EF9250D2FCF0095C482 /* Array.swift */,
			);
			path = Extensions;
			sourceTree = "<group>";
		};
		3A32241B24B63A0B00949999 /* Skills */ = {
			isa = PBXGroup;
			children = (
				3A32241E24B63CFD00949999 /* Model */,
				3A32242024B63D0600949999 /* Controller */,
				3A32241F24B63D0200949999 /* View */,
			);
			path = Skills;
			sourceTree = "<group>";
		};
		3A32241C24B63A1000949999 /* Studies */ = {
			isa = PBXGroup;
			children = (
				3A41ACD324B8E0BA007DBE8C /* Model */,
				3A41ACD524B8E0C2007DBE8C /* Controller */,
				3A41ACD424B8E0BE007DBE8C /* View */,
			);
			path = Studies;
			sourceTree = "<group>";
		};
		3A32241D24B63A2400949999 /* Experiences */ = {
			isa = PBXGroup;
			children = (
				3A2982A424BA2C41005DEDFC /* Model */,
				3A2982A624BA2C47005DEDFC /* Controller */,
				3A2982A524BA2C44005DEDFC /* View */,
			);
			path = Experiences;
			sourceTree = "<group>";
		};
		3A32241E24B63CFD00949999 /* Model */ = {
			isa = PBXGroup;
			children = (
				3A32242324B63E0500949999 /* Skills.swift */,
				3A32242924B6433300949999 /* FileSkillsService.swift */,
				3A41ACDE24B8E258007DBE8C /* ConstantsSkills.swift */,
			);
			path = Model;
			sourceTree = "<group>";
		};
		3A32241F24B63D0200949999 /* View */ = {
			isa = PBXGroup;
			children = (
				3A32241524B632CE00949999 /* Skills.storyboard */,
				3AC28F4324B760F4000FB429 /* ListSkillsTableViewCell.swift */,
				3AC28F4424B760F4000FB429 /* ListSkillsTableViewCell.xib */,
			);
			path = View;
			sourceTree = "<group>";
		};
		3A32242024B63D0600949999 /* Controller */ = {
			isa = PBXGroup;
			children = (
				3A32242124B63D4D00949999 /* ListSkillsViewController.swift */,
				3AC28F4724B76D52000FB429 /* DetailsSkillViewController.swift */,
				3AC28F4924B775BE000FB429 /* WebsiteSkillViewController.swift */,
			);
			path = Controller;
			sourceTree = "<group>";
		};
		3A41ACD024B8CAAC007DBE8C /* Informations */ = {
			isa = PBXGroup;
			children = (
				3A1B7A8D24C2044D0021FFBC /* Controller */,
				3A1B7A8F24C204580021FFBC /* View */,
			);
			path = Informations;
			sourceTree = "<group>";
		};
		3A41ACD324B8E0BA007DBE8C /* Model */ = {
			isa = PBXGroup;
			children = (
				3A41ACD624B8E134007DBE8C /* Studies.swift */,
				3A41ACE624B8E583007DBE8C /* FileStudiesService.swift */,
				3A2A531B24C09EC3007DA097 /* OrgStudies.swift */,
				3AE7A38E24CB3BC100E06CAB /* Themes.swift */,
				3A79974324A24EB1007FD4A2 /* Constants.swift */,
			);
			path = Model;
			sourceTree = "<group>";
		};
		3A41ACD424B8E0BE007DBE8C /* View */ = {
			isa = PBXGroup;
			children = (
				3A32241724B6337000949999 /* Studies.storyboard */,
				3A41ACDA24B8E1CF007DBE8C /* ListStudiesTableViewCell.swift */,
				3A41ACDB24B8E1CF007DBE8C /* ListStudiesTableViewCell.xib */,
			);
			path = View;
			sourceTree = "<group>";
		};
		3A41ACD524B8E0C2007DBE8C /* Controller */ = {
			isa = PBXGroup;
			children = (
				3A41ACD824B8E166007DBE8C /* ListStudiesViewController.swift */,
				3A2A531724C04EB0007DA097 /* DetailsStudyViewController.swift */,
				3A2982BB24BA31BE005DEDFC /* WebsiteStudyViewController.swift */,
			);
			path = Controller;
			sourceTree = "<group>";
		};
		3A79970024A239BF007FD4A2 = {
			isa = PBXGroup;
			children = (
				3A79970B24A239BF007FD4A2 /* FormationsApp */,
				3A79972224A239C2007FD4A2 /* FormationsAppTests */,
				3A79970A24A239BF007FD4A2 /* Products */,
				9CDD739D9B7A17DA047BBDA8 /* Pods */,
				C07AF7ACFCE0607DDBED3044 /* Frameworks */,
			);
			sourceTree = "<group>";
		};
		3A79970A24A239BF007FD4A2 /* Products */ = {
			isa = PBXGroup;
			children = (
				3A79970924A239BF007FD4A2 /* FormationsApp.app */,
				3A79971F24A239C2007FD4A2 /* FormationsAppTests.xctest */,
			);
			name = Products;
			sourceTree = "<group>";
		};
		3A79970B24A239BF007FD4A2 /* FormationsApp */ = {
			isa = PBXGroup;
			children = (
				3A79971224A239BF007FD4A2 /* Main.storyboard */,
				3AE99AC62539DDF300471F2B /* README.md */,
				3A32241C24B63A1000949999 /* Studies */,
				3A32241D24B63A2400949999 /* Experiences */,
				3A32241B24B63A0B00949999 /* Skills */,
				3A0C1ED1250D2B700095C482 /* Formations */,
				3A41ACD024B8CAAC007DBE8C /* Informations */,
				3A0C1EF8250D2E790095C482 /* Helpers */,
				3A1B7A9224C2070B0021FFBC /* Resources */,
				3A79973224A23DA9007FD4A2 /* Supporting Files */,
			);
			path = FormationsApp;
			sourceTree = "<group>";
		};
		3A79972224A239C2007FD4A2 /* FormationsAppTests */ = {
			isa = PBXGroup;
			children = (
				3A79972324A239C2007FD4A2 /* FormationsAppTests.swift */,
				3A79972524A239C2007FD4A2 /* Info.plist */,
			);
			path = FormationsAppTests;
			sourceTree = "<group>";
		};
		3A79973224A23DA9007FD4A2 /* Supporting Files */ = {
			isa = PBXGroup;
			children = (
				3A79971724A239C1007FD4A2 /* LaunchScreen.storyboard */,
				3A79971A24A239C1007FD4A2 /* Info.plist */,
				3A79971524A239C1007FD4A2 /* Assets.xcassets */,
				3A79970C24A239BF007FD4A2 /* AppDelegate.swift */,
				3A79970E24A239BF007FD4A2 /* SceneDelegate.swift */,
			);
			path = "Supporting Files";
			sourceTree = "<group>";
		};
		3AC2E50B24C8B6870048E731 /* studies */ = {
			isa = PBXGroup;
			children = (
				3A1FBEB0250D4515001111A1 /* Certificat-de-fin-de-formation-creer-des-apps-android-avec-kotlin-le-cours-complet.pdf */,
				3A1FBEA1250D3AC8001111A1 /* Diplome-OC-DA-iOS.pdf */,
				3A1B7AAB24C207790021FFBC /* Bac.pdf */,
				3A1B7AA524C207780021FFBC /* HDA.pdf */,
				3A1B7AAD24C2077A0021FFBC /* ITIL.pdf */,
				3A1B7AA624C207780021FFBC /* Lotus8.pdf */,
				3A1B7AAE24C2077A0021FFBC /* PHP5.pdf */,
				3A1B7AA924C207790021FFBC /* W2K8-AD-Admin.pdf */,
				3A1B7AA724C207790021FFBC /* W2K8-AD-Depannage.pdf */,
				3A1B7AAA24C207790021FFBC /* W2K8-GPO.pdf */,
				3A1B7AAC24C207790021FFBC /* Windows7.pdf */,
				3A1B7AA824C207790021FFBC /* WMware.pdf */,
			);
			path = studies;
			sourceTree = "<group>";
		};
		3AC2E50D24C8B6A90048E731 /* skills */ = {
			isa = PBXGroup;
			children = (
				3AC2E51724C8B6CB0048E731 /* Projet1.pdf */,
				3AC2E51624C8B6CB0048E731 /* Projet2.pdf */,
				3AC2E50E24C8B6C90048E731 /* Projet3.pdf */,
				3AC2E51524C8B6CB0048E731 /* Projet4.pdf */,
				3AC2E50F24C8B6C90048E731 /* Projet5.pdf */,
				3AC2E51824C8B6CC0048E731 /* Projet6.pdf */,
				3AC2E51324C8B6CA0048E731 /* Projet7.pdf */,
				3AC2E51024C8B6C90048E731 /* Projet8.pdf */,
				3AC2E51124C8B6CA0048E731 /* Projet9.pdf */,
				3AC2E51424C8B6CB0048E731 /* Projet10.pdf */,
				3AC2E51224C8B6CA0048E731 /* Projet11.pdf */,
				3AC2E51924C8B6CC0048E731 /* Projet12.pdf */,
			);
			path = skills;
			sourceTree = "<group>";
		};
		9CDD739D9B7A17DA047BBDA8 /* Pods */ = {
			isa = PBXGroup;
			children = (
				03BE9464DAC97ED68344ACC0 /* Pods-FormationsApp.debug.xcconfig */,
				ACCC76691F028799E24FE397 /* Pods-FormationsApp.release.xcconfig */,
				3AFB879E5DE34144BAF8C58C /* Pods-FormationsAppTests.debug.xcconfig */,
				54866DAF42163BBCB561E923 /* Pods-FormationsAppTests.release.xcconfig */,
			);
			path = Pods;
			sourceTree = "<group>";
		};
		C07AF7ACFCE0607DDBED3044 /* Frameworks */ = {
			isa = PBXGroup;
			children = (
				3A4994F72707545400A5C30E /* WebKit.framework */,
				A698CD81CF211AA1AF093195 /* Pods_FormationsApp.framework */,
				1CB0DD64C06FA6277A47B91A /* Pods_FormationsAppTests.framework */,
			);
			name = Frameworks;
			sourceTree = "<group>";
		};
/* End PBXGroup section */

/* Begin PBXNativeTarget section */
		3A79970824A239BF007FD4A2 /* FormationsApp */ = {
			isa = PBXNativeTarget;
			buildConfigurationList = 3A79972824A239C2007FD4A2 /* Build configuration list for PBXNativeTarget "FormationsApp" */;
			buildPhases = (
				5B2ABB1AA7DE095D93317AEB /* [CP] Check Pods Manifest.lock */,
				3A79970524A239BF007FD4A2 /* Sources */,
				3A79970624A239BF007FD4A2 /* Frameworks */,
				3A79970724A239BF007FD4A2 /* Resources */,
				8BDFFEBBB6027B58E47E96A4 /* [CP] Embed Pods Frameworks */,
				3A79972E24A23D8C007FD4A2 /* ShellScript */,
			);
			buildRules = (
			);
			dependencies = (
			);
			name = FormationsApp;
			productName = FormationsApp;
			productReference = 3A79970924A239BF007FD4A2 /* FormationsApp.app */;
			productType = "com.apple.product-type.application";
		};
		3A79971E24A239C2007FD4A2 /* FormationsAppTests */ = {
			isa = PBXNativeTarget;
			buildConfigurationList = 3A79972B24A239C2007FD4A2 /* Build configuration list for PBXNativeTarget "FormationsAppTests" */;
			buildPhases = (
				5514D820BBBB2A2D2A0B747B /* [CP] Check Pods Manifest.lock */,
				3A79971B24A239C2007FD4A2 /* Sources */,
				3A79971C24A239C2007FD4A2 /* Frameworks */,
				3A79971D24A239C2007FD4A2 /* Resources */,
				C2FC375E62C4AB493063213E /* [CP] Embed Pods Frameworks */,
			);
			buildRules = (
			);
			dependencies = (
				3A79972124A239C2007FD4A2 /* PBXTargetDependency */,
			);
			name = FormationsAppTests;
			productName = FormationsAppTests;
			productReference = 3A79971F24A239C2007FD4A2 /* FormationsAppTests.xctest */;
			productType = "com.apple.product-type.bundle.unit-test";
		};
/* End PBXNativeTarget section */

/* Begin PBXProject section */
		3A79970124A239BF007FD4A2 /* Project object */ = {
			isa = PBXProject;
			attributes = {
				LastSwiftUpdateCheck = 1150;
				LastUpgradeCheck = 1200;
				ORGANIZATIONNAME = "Angelique Babin";
				TargetAttributes = {
					3A79970824A239BF007FD4A2 = {
						CreatedOnToolsVersion = 11.5;
					};
					3A79971E24A239C2007FD4A2 = {
						CreatedOnToolsVersion = 11.5;
						TestTargetID = 3A79970824A239BF007FD4A2;
					};
				};
			};
			buildConfigurationList = 3A79970424A239BF007FD4A2 /* Build configuration list for PBXProject "FormationsApp" */;
			compatibilityVersion = "Xcode 9.3";
			developmentRegion = en;
			hasScannedForEncodings = 0;
			knownRegions = (
				en,
				Base,
			);
			mainGroup = 3A79970024A239BF007FD4A2;
			productRefGroup = 3A79970A24A239BF007FD4A2 /* Products */;
			projectDirPath = "";
			projectRoot = "";
			targets = (
				3A79970824A239BF007FD4A2 /* FormationsApp */,
				3A79971E24A239C2007FD4A2 /* FormationsAppTests */,
			);
		};
/* End PBXProject section */

/* Begin PBXResourcesBuildPhase section */
		3A79970724A239BF007FD4A2 /* Resources */ = {
			isa = PBXResourcesBuildPhase;
			buildActionMask = 2147483647;
			files = (
				3AC2E52824C8B6CC0048E731 /* Projet4.pdf in Resources */,
				3A1B7AB324C2077A0021FFBC /* W2K8-AD-Depannage.pdf in Resources */,
				3AC2E52A24C8B6CC0048E731 /* Projet2.pdf in Resources */,
				3A1FBEB1250D4515001111A1 /* Certificat-de-fin-de-formation-creer-des-apps-android-avec-kotlin-le-cours-complet.pdf in Resources */,
				3AC2E52224C8B6CC0048E731 /* Projet11.pdf in Resources */,
				3A0C1F11250D368B0095C482 /* Formations.storyboard in Resources */,
				3A1B7A9B24C207530021FFBC /* experiences.xlsx in Resources */,
				3AC2E51E24C8B6CC0048E731 /* Projet8.pdf in Resources */,
				3AC2E52024C8B6CC0048E731 /* Projet9.pdf in Resources */,
				3A1B7AAF24C2077A0021FFBC /* HDA.pdf in Resources */,
				3A41ACDD24B8E1CF007DBE8C /* ListStudiesTableViewCell.xib in Resources */,
				3A1B7ABF24C2077A0021FFBC /* ITIL.pdf in Resources */,
				3AC2E53024C8B6CC0048E731 /* Projet12.pdf in Resources */,
				3AC2E52624C8B6CC0048E731 /* Projet10.pdf in Resources */,
				3AC2E51C24C8B6CC0048E731 /* Projet5.pdf in Resources */,
				3AC2E51A24C8B6CC0048E731 /* Projet3.pdf in Resources */,
				3A32241824B6337000949999 /* Studies.storyboard in Resources */,
				3A1B7AC124C2077A0021FFBC /* PHP5.pdf in Resources */,
				3A1B7ABD24C2077A0021FFBC /* Windows7.pdf in Resources */,
				3A79971924A239C1007FD4A2 /* LaunchScreen.storyboard in Resources */,
				3A1FBEA2250D3AC8001111A1 /* Diplome-OC-DA-iOS.pdf in Resources */,
				3A1FBEAB250D3CA8001111A1 /* studies.xlsx in Resources */,
				3AE99AC72539DDF300471F2B /* README.md in Resources */,
				3A32241A24B6365700949999 /* Experiences.storyboard in Resources */,
				3A1B7A9F24C207530021FFBC /* skills.xlsx in Resources */,
				3A1FBE9D250D3872001111A1 /* ListFormationsTableViewCell.xib in Resources */,
				3AC2E52E24C8B6CC0048E731 /* Projet6.pdf in Resources */,
				3A32241624B632CE00949999 /* Skills.storyboard in Resources */,
				3A79971624A239C1007FD4A2 /* Assets.xcassets in Resources */,
				3A1B7AB524C2077A0021FFBC /* WMware.pdf in Resources */,
				3AC28F4624B760F4000FB429 /* ListSkillsTableViewCell.xib in Resources */,
				3A79971424A239BF007FD4A2 /* Main.storyboard in Resources */,
				3A1FBEAE250D40C0001111A1 /* formations.xlsx in Resources */,
				3AC2E52424C8B6CC0048E731 /* Projet7.pdf in Resources */,
				3A1B7ABB24C2077A0021FFBC /* Bac.pdf in Resources */,
				3A1B7AB924C2077A0021FFBC /* W2K8-GPO.pdf in Resources */,
				3A1B7AB124C2077A0021FFBC /* Lotus8.pdf in Resources */,
				3AC2E52C24C8B6CC0048E731 /* Projet1.pdf in Resources */,
				3A1B7AB724C2077A0021FFBC /* W2K8-AD-Admin.pdf in Resources */,
				3A41ACCF24B8C7D7007DBE8C /* Informations.storyboard in Resources */,
			);
			runOnlyForDeploymentPostprocessing = 0;
		};
		3A79971D24A239C2007FD4A2 /* Resources */ = {
			isa = PBXResourcesBuildPhase;
			buildActionMask = 2147483647;
			files = (
				3A1FBEAF250D40C0001111A1 /* formations.xlsx in Resources */,
				3AC2E52524C8B6CC0048E731 /* Projet7.pdf in Resources */,
				3A1FBEB2250D4515001111A1 /* Certificat-de-fin-de-formation-creer-des-apps-android-avec-kotlin-le-cours-complet.pdf in Resources */,
				3A1B7AC024C2077A0021FFBC /* ITIL.pdf in Resources */,
				3A1B7AB424C2077A0021FFBC /* W2K8-AD-Depannage.pdf in Resources */,
				3AC2E52324C8B6CC0048E731 /* Projet11.pdf in Resources */,
				3A1B7AB224C2077A0021FFBC /* Lotus8.pdf in Resources */,
				3A1B7ABC24C2077A0021FFBC /* Bac.pdf in Resources */,
				3A1B7AB624C2077A0021FFBC /* WMware.pdf in Resources */,
				3A1B7A9C24C207530021FFBC /* experiences.xlsx in Resources */,
				3AC2E52B24C8B6CC0048E731 /* Projet2.pdf in Resources */,
				3A1B7AB024C2077A0021FFBC /* HDA.pdf in Resources */,
				3A1B7ABA24C2077A0021FFBC /* W2K8-GPO.pdf in Resources */,
				3AC2E52F24C8B6CC0048E731 /* Projet6.pdf in Resources */,
				3AC2E51D24C8B6CC0048E731 /* Projet5.pdf in Resources */,
				3AC2E51B24C8B6CC0048E731 /* Projet3.pdf in Resources */,
				3AC2E52924C8B6CC0048E731 /* Projet4.pdf in Resources */,
				3AC2E52D24C8B6CC0048E731 /* Projet1.pdf in Resources */,
				3A1B7AA024C207530021FFBC /* skills.xlsx in Resources */,
				3A1FBEA3250D3AC8001111A1 /* Diplome-OC-DA-iOS.pdf in Resources */,
				3AC2E52124C8B6CC0048E731 /* Projet9.pdf in Resources */,
				3AC2E53124C8B6CC0048E731 /* Projet12.pdf in Resources */,
				3A1B7ABE24C2077A0021FFBC /* Windows7.pdf in Resources */,
				3A1B7AB824C2077A0021FFBC /* W2K8-AD-Admin.pdf in Resources */,
				3A1FBEAC250D3CA8001111A1 /* studies.xlsx in Resources */,
				3AC2E51F24C8B6CC0048E731 /* Projet8.pdf in Resources */,
				3A1B7AC224C2077A0021FFBC /* PHP5.pdf in Resources */,
				3AC2E52724C8B6CC0048E731 /* Projet10.pdf in Resources */,
			);
			runOnlyForDeploymentPostprocessing = 0;
		};
/* End PBXResourcesBuildPhase section */

/* Begin PBXShellScriptBuildPhase section */
		3A79972E24A23D8C007FD4A2 /* ShellScript */ = {
			isa = PBXShellScriptBuildPhase;
			buildActionMask = 2147483647;
			files = (
			);
			inputFileListPaths = (
			);
			inputPaths = (
			);
			outputFileListPaths = (
			);
			outputPaths = (
			);
			runOnlyForDeploymentPostprocessing = 0;
			shellPath = /bin/sh;
			shellScript = "# Type a script or drag a script file from your workspace to insert its path.\n\"${PODS_ROOT}/SwiftLint/swiftlint\"\n";
		};
		5514D820BBBB2A2D2A0B747B /* [CP] Check Pods Manifest.lock */ = {
			isa = PBXShellScriptBuildPhase;
			buildActionMask = 2147483647;
			files = (
			);
			inputFileListPaths = (
			);
			inputPaths = (
				"${PODS_PODFILE_DIR_PATH}/Podfile.lock",
				"${PODS_ROOT}/Manifest.lock",
			);
			name = "[CP] Check Pods Manifest.lock";
			outputFileListPaths = (
			);
			outputPaths = (
				"$(DERIVED_FILE_DIR)/Pods-FormationsAppTests-checkManifestLockResult.txt",
			);
			runOnlyForDeploymentPostprocessing = 0;
			shellPath = /bin/sh;
			shellScript = "diff \"${PODS_PODFILE_DIR_PATH}/Podfile.lock\" \"${PODS_ROOT}/Manifest.lock\" > /dev/null\nif [ $? != 0 ] ; then\n    # print error to STDERR\n    echo \"error: The sandbox is not in sync with the Podfile.lock. Run 'pod install' or update your CocoaPods installation.\" >&2\n    exit 1\nfi\n# This output is used by Xcode 'outputs' to avoid re-running this script phase.\necho \"SUCCESS\" > \"${SCRIPT_OUTPUT_FILE_0}\"\n";
			showEnvVarsInLog = 0;
		};
		5B2ABB1AA7DE095D93317AEB /* [CP] Check Pods Manifest.lock */ = {
			isa = PBXShellScriptBuildPhase;
			buildActionMask = 2147483647;
			files = (
			);
			inputFileListPaths = (
			);
			inputPaths = (
				"${PODS_PODFILE_DIR_PATH}/Podfile.lock",
				"${PODS_ROOT}/Manifest.lock",
			);
			name = "[CP] Check Pods Manifest.lock";
			outputFileListPaths = (
			);
			outputPaths = (
				"$(DERIVED_FILE_DIR)/Pods-FormationsApp-checkManifestLockResult.txt",
			);
			runOnlyForDeploymentPostprocessing = 0;
			shellPath = /bin/sh;
			shellScript = "diff \"${PODS_PODFILE_DIR_PATH}/Podfile.lock\" \"${PODS_ROOT}/Manifest.lock\" > /dev/null\nif [ $? != 0 ] ; then\n    # print error to STDERR\n    echo \"error: The sandbox is not in sync with the Podfile.lock. Run 'pod install' or update your CocoaPods installation.\" >&2\n    exit 1\nfi\n# This output is used by Xcode 'outputs' to avoid re-running this script phase.\necho \"SUCCESS\" > \"${SCRIPT_OUTPUT_FILE_0}\"\n";
			showEnvVarsInLog = 0;
		};
		8BDFFEBBB6027B58E47E96A4 /* [CP] Embed Pods Frameworks */ = {
			isa = PBXShellScriptBuildPhase;
			buildActionMask = 2147483647;
			files = (
			);
			inputFileListPaths = (
				"${PODS_ROOT}/Target Support Files/Pods-FormationsApp/Pods-FormationsApp-frameworks-${CONFIGURATION}-input-files.xcfilelist",
			);
			name = "[CP] Embed Pods Frameworks";
			outputFileListPaths = (
				"${PODS_ROOT}/Target Support Files/Pods-FormationsApp/Pods-FormationsApp-frameworks-${CONFIGURATION}-output-files.xcfilelist",
			);
			runOnlyForDeploymentPostprocessing = 0;
			shellPath = /bin/sh;
			shellScript = "\"${PODS_ROOT}/Target Support Files/Pods-FormationsApp/Pods-FormationsApp-frameworks.sh\"\n";
			showEnvVarsInLog = 0;
		};
		C2FC375E62C4AB493063213E /* [CP] Embed Pods Frameworks */ = {
			isa = PBXShellScriptBuildPhase;
			buildActionMask = 2147483647;
			files = (
			);
			inputFileListPaths = (
				"${PODS_ROOT}/Target Support Files/Pods-FormationsAppTests/Pods-FormationsAppTests-frameworks-${CONFIGURATION}-input-files.xcfilelist",
			);
			name = "[CP] Embed Pods Frameworks";
			outputFileListPaths = (
				"${PODS_ROOT}/Target Support Files/Pods-FormationsAppTests/Pods-FormationsAppTests-frameworks-${CONFIGURATION}-output-files.xcfilelist",
			);
			runOnlyForDeploymentPostprocessing = 0;
			shellPath = /bin/sh;
			shellScript = "\"${PODS_ROOT}/Target Support Files/Pods-FormationsAppTests/Pods-FormationsAppTests-frameworks.sh\"\n";
			showEnvVarsInLog = 0;
		};
/* End PBXShellScriptBuildPhase section */

/* Begin PBXSourcesBuildPhase section */
		3A79970524A239BF007FD4A2 /* Sources */ = {
			isa = PBXSourcesBuildPhase;
			buildActionMask = 2147483647;
			files = (
				3AD128B924B4E6B400990392 /* String.swift in Sources */,
				3A1B7A8C24C202B80021FFBC /* WebViewInformationsViewController.swift in Sources */,
				3A65FAC224C5FB090003BFDB /* FileExperiencesService.swift in Sources */,
				3A0C1F0D250D36380095C482 /* DetailsFormationViewController.swift in Sources */,
				3A65FACC24C605260003BFDB /* WebsiteExperienceViewController.swift in Sources */,
				3A79974424A24EB1007FD4A2 /* Constants.swift in Sources */,
				3A2A531824C04EB0007DA097 /* DetailsStudyViewController.swift in Sources */,
				3A65FAC824C6043A0003BFDB /* ListExperiencesViewController.swift in Sources */,
				3A28579424C7374E0020D33E /* Jobs.swift in Sources */,
				3A0C1F0B250D36170095C482 /* ListFormationsViewController.swift in Sources */,
				3A0C1F07250D359A0095C482 /* ConstantsFormations.swift in Sources */,
				3A0C1EFF250D35190095C482 /* Orgs.swift in Sources */,
				3A65FABF24C5DACA0003BFDB /* ConstantsExperiences.swift in Sources */,
				3A0C1F01250D354D0095C482 /* FileFormationsService.swift in Sources */,
				3A2982BC24BA31BE005DEDFC /* WebsiteStudyViewController.swift in Sources */,
				3A32242424B63E0500949999 /* Skills.swift in Sources */,
				3AC28F4824B76D52000FB429 /* DetailsSkillViewController.swift in Sources */,
				3A41ACDF24B8E258007DBE8C /* ConstantsSkills.swift in Sources */,
				3AC28F4A24B775BE000FB429 /* WebsiteSkillViewController.swift in Sources */,
				3A32242224B63D4D00949999 /* ListSkillsViewController.swift in Sources */,
				3A2982A824BA2C67005DEDFC /* Experiences.swift in Sources */,
				3A41ACE724B8E583007DBE8C /* FileStudiesService.swift in Sources */,
				3A0C1EFD250D35050095C482 /* ThemesString.swift in Sources */,
				3AE7A38F24CB3BC100E06CAB /* Themes.swift in Sources */,
				3AC28F4524B760F4000FB429 /* ListSkillsTableViewCell.swift in Sources */,
				3A0C1F0F250D36530095C482 /* WebsiteFormationViewController.swift in Sources */,
				3A41ACD924B8E166007DBE8C /* ListStudiesViewController.swift in Sources */,
				3A32242A24B6433300949999 /* FileSkillsService.swift in Sources */,
				3A65FAC524C5FB6E0003BFDB /* Companies.swift in Sources */,
				3A0C1EFA250D2FCF0095C482 /* Array.swift in Sources */,
				3A2A531A24C083EC007DA097 /* UIViewController+Alert.swift in Sources */,
				3A41ACDC24B8E1CF007DBE8C /* ListStudiesTableViewCell.swift in Sources */,
				3A41ACD224B8CADE007DBE8C /* InformationsViewController.swift in Sources */,
				3A1FBE9C250D3872001111A1 /* ListFormationsTableViewCell.swift in Sources */,
				3A0C1F05250D35840095C482 /* States.swift in Sources */,
				3AD128B524B4BB9300990392 /* Date.swift in Sources */,
				3A884E6E24C499970080B9CD /* UiViewController+WKWebView.swift in Sources */,
				3A79970D24A239BF007FD4A2 /* AppDelegate.swift in Sources */,
				3A65FACA24C6050E0003BFDB /* DetailsExperienceViewController.swift in Sources */,
				3A41ACD724B8E134007DBE8C /* Studies.swift in Sources */,
				3A79970F24A239BF007FD4A2 /* SceneDelegate.swift in Sources */,
				3A41ACCB24B879E8007DBE8C /* UIViewController+CustomUI.swift in Sources */,
				3A0C1F09250D35F20095C482 /* ListThemesViewController.swift in Sources */,
				3A0C1F03250D356B0095C482 /* Formations.swift in Sources */,
				3A2A531C24C09EC3007DA097 /* OrgStudies.swift in Sources */,
			);
			runOnlyForDeploymentPostprocessing = 0;
		};
		3A79971B24A239C2007FD4A2 /* Sources */ = {
			isa = PBXSourcesBuildPhase;
			buildActionMask = 2147483647;
			files = (
				3A0C1EFB250D2FCF0095C482 /* Array.swift in Sources */,
				3A65FAC624C5FB6E0003BFDB /* Companies.swift in Sources */,
				3A79972424A239C2007FD4A2 /* FormationsAppTests.swift in Sources */,
			);
			runOnlyForDeploymentPostprocessing = 0;
		};
/* End PBXSourcesBuildPhase section */

/* Begin PBXTargetDependency section */
		3A79972124A239C2007FD4A2 /* PBXTargetDependency */ = {
			isa = PBXTargetDependency;
			target = 3A79970824A239BF007FD4A2 /* FormationsApp */;
			targetProxy = 3A79972024A239C2007FD4A2 /* PBXContainerItemProxy */;
		};
/* End PBXTargetDependency section */

/* Begin PBXVariantGroup section */
		3A79971224A239BF007FD4A2 /* Main.storyboard */ = {
			isa = PBXVariantGroup;
			children = (
				3A79971324A239BF007FD4A2 /* Base */,
			);
			name = Main.storyboard;
			sourceTree = "<group>";
		};
		3A79971724A239C1007FD4A2 /* LaunchScreen.storyboard */ = {
			isa = PBXVariantGroup;
			children = (
				3A79971824A239C1007FD4A2 /* Base */,
			);
			name = LaunchScreen.storyboard;
			sourceTree = "<group>";
		};
/* End PBXVariantGroup section */

/* Begin XCBuildConfiguration section */
		3A79972624A239C2007FD4A2 /* Debug */ = {
			isa = XCBuildConfiguration;
			buildSettings = {
				ALWAYS_SEARCH_USER_PATHS = NO;
				CLANG_ANALYZER_NONNULL = YES;
				CLANG_ANALYZER_NUMBER_OBJECT_CONVERSION = YES_AGGRESSIVE;
				CLANG_CXX_LANGUAGE_STANDARD = "gnu++14";
				CLANG_CXX_LIBRARY = "libc++";
				CLANG_ENABLE_MODULES = YES;
				CLANG_ENABLE_OBJC_ARC = YES;
				CLANG_ENABLE_OBJC_WEAK = YES;
				CLANG_WARN_BLOCK_CAPTURE_AUTORELEASING = YES;
				CLANG_WARN_BOOL_CONVERSION = YES;
				CLANG_WARN_COMMA = YES;
				CLANG_WARN_CONSTANT_CONVERSION = YES;
				CLANG_WARN_DEPRECATED_OBJC_IMPLEMENTATIONS = YES;
				CLANG_WARN_DIRECT_OBJC_ISA_USAGE = YES_ERROR;
				CLANG_WARN_DOCUMENTATION_COMMENTS = YES;
				CLANG_WARN_EMPTY_BODY = YES;
				CLANG_WARN_ENUM_CONVERSION = YES;
				CLANG_WARN_INFINITE_RECURSION = YES;
				CLANG_WARN_INT_CONVERSION = YES;
				CLANG_WARN_NON_LITERAL_NULL_CONVERSION = YES;
				CLANG_WARN_OBJC_IMPLICIT_RETAIN_SELF = YES;
				CLANG_WARN_OBJC_LITERAL_CONVERSION = YES;
				CLANG_WARN_OBJC_ROOT_CLASS = YES_ERROR;
				CLANG_WARN_QUOTED_INCLUDE_IN_FRAMEWORK_HEADER = YES;
				CLANG_WARN_RANGE_LOOP_ANALYSIS = YES;
				CLANG_WARN_STRICT_PROTOTYPES = YES;
				CLANG_WARN_SUSPICIOUS_MOVE = YES;
				CLANG_WARN_UNGUARDED_AVAILABILITY = YES_AGGRESSIVE;
				CLANG_WARN_UNREACHABLE_CODE = YES;
				CLANG_WARN__DUPLICATE_METHOD_MATCH = YES;
				COPY_PHASE_STRIP = NO;
				DEBUG_INFORMATION_FORMAT = dwarf;
				ENABLE_STRICT_OBJC_MSGSEND = YES;
				ENABLE_TESTABILITY = YES;
				GCC_C_LANGUAGE_STANDARD = gnu11;
				GCC_DYNAMIC_NO_PIC = NO;
				GCC_NO_COMMON_BLOCKS = YES;
				GCC_OPTIMIZATION_LEVEL = 0;
				GCC_PREPROCESSOR_DEFINITIONS = (
					"DEBUG=1",
					"$(inherited)",
				);
				GCC_WARN_64_TO_32_BIT_CONVERSION = YES;
				GCC_WARN_ABOUT_RETURN_TYPE = YES_ERROR;
				GCC_WARN_UNDECLARED_SELECTOR = YES;
				GCC_WARN_UNINITIALIZED_AUTOS = YES_AGGRESSIVE;
				GCC_WARN_UNUSED_FUNCTION = YES;
				GCC_WARN_UNUSED_VARIABLE = YES;
				IPHONEOS_DEPLOYMENT_TARGET = 13.5;
				MTL_ENABLE_DEBUG_INFO = INCLUDE_SOURCE;
				MTL_FAST_MATH = YES;
				ONLY_ACTIVE_ARCH = YES;
				SDKROOT = iphoneos;
				SWIFT_ACTIVE_COMPILATION_CONDITIONS = DEBUG;
				SWIFT_OPTIMIZATION_LEVEL = "-Onone";
			};
			name = Debug;
		};
		3A79972724A239C2007FD4A2 /* Release */ = {
			isa = XCBuildConfiguration;
			buildSettings = {
				ALWAYS_SEARCH_USER_PATHS = NO;
				CLANG_ANALYZER_NONNULL = YES;
				CLANG_ANALYZER_NUMBER_OBJECT_CONVERSION = YES_AGGRESSIVE;
				CLANG_CXX_LANGUAGE_STANDARD = "gnu++14";
				CLANG_CXX_LIBRARY = "libc++";
				CLANG_ENABLE_MODULES = YES;
				CLANG_ENABLE_OBJC_ARC = YES;
				CLANG_ENABLE_OBJC_WEAK = YES;
				CLANG_WARN_BLOCK_CAPTURE_AUTORELEASING = YES;
				CLANG_WARN_BOOL_CONVERSION = YES;
				CLANG_WARN_COMMA = YES;
				CLANG_WARN_CONSTANT_CONVERSION = YES;
				CLANG_WARN_DEPRECATED_OBJC_IMPLEMENTATIONS = YES;
				CLANG_WARN_DIRECT_OBJC_ISA_USAGE = YES_ERROR;
				CLANG_WARN_DOCUMENTATION_COMMENTS = YES;
				CLANG_WARN_EMPTY_BODY = YES;
				CLANG_WARN_ENUM_CONVERSION = YES;
				CLANG_WARN_INFINITE_RECURSION = YES;
				CLANG_WARN_INT_CONVERSION = YES;
				CLANG_WARN_NON_LITERAL_NULL_CONVERSION = YES;
				CLANG_WARN_OBJC_IMPLICIT_RETAIN_SELF = YES;
				CLANG_WARN_OBJC_LITERAL_CONVERSION = YES;
				CLANG_WARN_OBJC_ROOT_CLASS = YES_ERROR;
				CLANG_WARN_QUOTED_INCLUDE_IN_FRAMEWORK_HEADER = YES;
				CLANG_WARN_RANGE_LOOP_ANALYSIS = YES;
				CLANG_WARN_STRICT_PROTOTYPES = YES;
				CLANG_WARN_SUSPICIOUS_MOVE = YES;
				CLANG_WARN_UNGUARDED_AVAILABILITY = YES_AGGRESSIVE;
				CLANG_WARN_UNREACHABLE_CODE = YES;
				CLANG_WARN__DUPLICATE_METHOD_MATCH = YES;
				COPY_PHASE_STRIP = NO;
				DEBUG_INFORMATION_FORMAT = "dwarf-with-dsym";
				ENABLE_NS_ASSERTIONS = NO;
				ENABLE_STRICT_OBJC_MSGSEND = YES;
				GCC_C_LANGUAGE_STANDARD = gnu11;
				GCC_NO_COMMON_BLOCKS = YES;
				GCC_WARN_64_TO_32_BIT_CONVERSION = YES;
				GCC_WARN_ABOUT_RETURN_TYPE = YES_ERROR;
				GCC_WARN_UNDECLARED_SELECTOR = YES;
				GCC_WARN_UNINITIALIZED_AUTOS = YES_AGGRESSIVE;
				GCC_WARN_UNUSED_FUNCTION = YES;
				GCC_WARN_UNUSED_VARIABLE = YES;
				IPHONEOS_DEPLOYMENT_TARGET = 13.5;
				MTL_ENABLE_DEBUG_INFO = NO;
				MTL_FAST_MATH = YES;
				SDKROOT = iphoneos;
				SWIFT_COMPILATION_MODE = wholemodule;
				SWIFT_OPTIMIZATION_LEVEL = "-O";
				VALIDATE_PRODUCT = YES;
			};
			name = Release;
		};
		3A79972924A239C2007FD4A2 /* Debug */ = {
			isa = XCBuildConfiguration;
			baseConfigurationReference = 03BE9464DAC97ED68344ACC0 /* Pods-FormationsApp.debug.xcconfig */;
			buildSettings = {
				ASSETCATALOG_COMPILER_APPICON_NAME = AppIcon;
				CODE_SIGN_ENTITLEMENTS = FormationsApp/FormationsApp.entitlements;
				"CODE_SIGN_IDENTITY[sdk=macosx*]" = "Apple Development";
				CODE_SIGN_STYLE = Automatic;
				CURRENT_PROJECT_VERSION = 3;
				DEVELOPMENT_TEAM = AS4ZG3MAQH;
				"ENABLE_HARDENED_RUNTIME[sdk=macosx*]" = NO;
				INFOPLIST_FILE = "FormationsApp/Supporting Files/Info.plist";
				LD_RUNPATH_SEARCH_PATHS = (
					"$(inherited)",
					"@executable_path/Frameworks",
				);
				MARKETING_VERSION = 1.2;
				PRODUCT_BUNDLE_IDENTIFIER = "net.ddns.jessangel-web.FormationsCv";
				PRODUCT_NAME = FormationsApp;
				SUPPORTS_MACCATALYST = YES;
				SWIFT_VERSION = 5.0;
				TARGETED_DEVICE_FAMILY = "1,2";
			};
			name = Debug;
		};
		3A79972A24A239C2007FD4A2 /* Release */ = {
			isa = XCBuildConfiguration;
			baseConfigurationReference = ACCC76691F028799E24FE397 /* Pods-FormationsApp.release.xcconfig */;
			buildSettings = {
				ASSETCATALOG_COMPILER_APPICON_NAME = AppIcon;
				CODE_SIGN_ENTITLEMENTS = FormationsApp/FormationsApp.entitlements;
				"CODE_SIGN_IDENTITY[sdk=macosx*]" = "Apple Development";
				CODE_SIGN_STYLE = Automatic;
				CURRENT_PROJECT_VERSION = 3;
				DEVELOPMENT_TEAM = AS4ZG3MAQH;
				"ENABLE_HARDENED_RUNTIME[sdk=macosx*]" = NO;
				INFOPLIST_FILE = "FormationsApp/Supporting Files/Info.plist";
				LD_RUNPATH_SEARCH_PATHS = (
					"$(inherited)",
					"@executable_path/Frameworks",
				);
				MARKETING_VERSION = 1.2;
				PRODUCT_BUNDLE_IDENTIFIER = "net.ddns.jessangel-web.FormationsCv";
				PRODUCT_NAME = FormationsApp;
				SUPPORTS_MACCATALYST = YES;
				SWIFT_VERSION = 5.0;
				TARGETED_DEVICE_FAMILY = "1,2";
			};
			name = Release;
		};
		3A79972C24A239C2007FD4A2 /* Debug */ = {
			isa = XCBuildConfiguration;
			baseConfigurationReference = 3AFB879E5DE34144BAF8C58C /* Pods-FormationsAppTests.debug.xcconfig */;
			buildSettings = {
				ALWAYS_EMBED_SWIFT_STANDARD_LIBRARIES = YES;
				BUNDLE_LOADER = "$(TEST_HOST)";
				CODE_SIGN_STYLE = Automatic;
				DEVELOPMENT_TEAM = AS4ZG3MAQH;
				INFOPLIST_FILE = FormationsAppTests/Info.plist;
				IPHONEOS_DEPLOYMENT_TARGET = 13.5;
				LD_RUNPATH_SEARCH_PATHS = (
					"$(inherited)",
					"@executable_path/Frameworks",
					"@loader_path/Frameworks",
				);
				PRODUCT_BUNDLE_IDENTIFIER = "net.ddns.jessangel-web.FormationsAppTests";
				PRODUCT_NAME = "$(TARGET_NAME)";
				SWIFT_VERSION = 5.0;
				TARGETED_DEVICE_FAMILY = "1,2";
				TEST_HOST = "$(BUILT_PRODUCTS_DIR)/FormationsApp.app/FormationsApp";
			};
			name = Debug;
		};
		3A79972D24A239C2007FD4A2 /* Release */ = {
			isa = XCBuildConfiguration;
			baseConfigurationReference = 54866DAF42163BBCB561E923 /* Pods-FormationsAppTests.release.xcconfig */;
			buildSettings = {
				ALWAYS_EMBED_SWIFT_STANDARD_LIBRARIES = YES;
				BUNDLE_LOADER = "$(TEST_HOST)";
				CODE_SIGN_STYLE = Automatic;
				DEVELOPMENT_TEAM = AS4ZG3MAQH;
				INFOPLIST_FILE = FormationsAppTests/Info.plist;
				IPHONEOS_DEPLOYMENT_TARGET = 13.5;
				LD_RUNPATH_SEARCH_PATHS = (
					"$(inherited)",
					"@executable_path/Frameworks",
					"@loader_path/Frameworks",
				);
				PRODUCT_BUNDLE_IDENTIFIER = "net.ddns.jessangel-web.FormationsAppTests";
				PRODUCT_NAME = "$(TARGET_NAME)";
				SWIFT_VERSION = 5.0;
				TARGETED_DEVICE_FAMILY = "1,2";
				TEST_HOST = "$(BUILT_PRODUCTS_DIR)/FormationsApp.app/FormationsApp";
			};
			name = Release;
		};
/* End XCBuildConfiguration section */

/* Begin XCConfigurationList section */
		3A79970424A239BF007FD4A2 /* Build configuration list for PBXProject "FormationsApp" */ = {
			isa = XCConfigurationList;
			buildConfigurations = (
				3A79972624A239C2007FD4A2 /* Debug */,
				3A79972724A239C2007FD4A2 /* Release */,
			);
			defaultConfigurationIsVisible = 0;
			defaultConfigurationName = Release;
		};
		3A79972824A239C2007FD4A2 /* Build configuration list for PBXNativeTarget "FormationsApp" */ = {
			isa = XCConfigurationList;
			buildConfigurations = (
				3A79972924A239C2007FD4A2 /* Debug */,
				3A79972A24A239C2007FD4A2 /* Release */,
			);
			defaultConfigurationIsVisible = 0;
			defaultConfigurationName = Release;
		};
		3A79972B24A239C2007FD4A2 /* Build configuration list for PBXNativeTarget "FormationsAppTests" */ = {
			isa = XCConfigurationList;
			buildConfigurations = (
				3A79972C24A239C2007FD4A2 /* Debug */,
				3A79972D24A239C2007FD4A2 /* Release */,
			);
			defaultConfigurationIsVisible = 0;
			defaultConfigurationName = Release;
		};
/* End XCConfigurationList section */
	};
	rootObject = 3A79970124A239BF007FD4A2 /* Project object */;
}
